
Microsoft Visual Studio Solution File, Format Version 12.00
# Visual Studio 15
VisualStudioVersion = 15.0.26124.0
MinimumVisualStudioVersion = 15.0.26124.0
Project("{FAE04EC0-301F-11D3-BF4B-00C04F79EFBC}") = "ex_1_practice", "ex_1_practice\ex_1_practice.csproj", "{935FB6F4-D7CC-438B-B346-191E1C11A33F}"
EndProject
Project("{FAE04EC0-301F-11D3-BF4B-00C04F79EFBC}") = "helper_class", "helper_class\helper_class.csproj", "{DBDF754B-82A4-4704-81E0-4AB30D22707D}"
EndProject
Global
	GlobalSection(SolutionConfigurationPlatforms) = preSolution
		Debug|Any CPU = Debug|Any CPU
		Debug|x64 = Debug|x64
		Debug|x86 = Debug|x86
		Release|Any CPU = Release|Any CPU
		Release|x64 = Release|x64
		Release|x86 = Release|x86
	EndGlobalSection
	GlobalSection(SolutionProperties) = preSolution
		HideSolutionNode = FALSE
	EndGlobalSection
	GlobalSection(ProjectConfigurationPlatforms) = postSolution
		{935FB6F4-D7CC-438B-B346-191E1C11A33F}.Debug|Any CPU.ActiveCfg = Debug|Any CPU
		{935FB6F4-D7CC-438B-B346-191E1C11A33F}.Debug|Any CPU.Build.0 = Debug|Any CPU
		{935FB6F4-D7CC-438B-B346-191E1C11A33F}.Debug|x64.ActiveCfg = Debug|Any CPU
		{935FB6F4-D7CC-438B-B346-191E1C11A33F}.Debug|x64.Build.0 = Debug|Any CPU
		{935FB6F4-D7CC-438B-B346-191E1C11A33F}.Debug|x86.ActiveCfg = Debug|Any CPU
		{935FB6F4-D7CC-438B-B346-191E1C11A33F}.Debug|x86.Build.0 = Debug|Any CPU
		{935FB6F4-D7CC-438B-B346-191E1C11A33F}.Release|Any CPU.ActiveCfg = Release|Any CPU
		{935FB6F4-D7CC-438B-B346-191E1C11A33F}.Release|Any CPU.Build.0 = Release|Any CPU
		{935FB6F4-D7CC-438B-B346-191E1C11A33F}.Release|x64.ActiveCfg = Release|Any CPU
		{935FB6F4-D7CC-438B-B346-191E1C11A33F}.Release|x64.Build.0 = Release|Any CPU
		{935FB6F4-D7CC-438B-B346-191E1C11A33F}.Release|x86.ActiveCfg = Release|Any CPU
		{935FB6F4-D7CC-438B-B346-191E1C11A33F}.Release|x86.Build.0 = Release|Any CPU
		{DBDF754B-82A4-4704-81E0-4AB30D22707D}.Debug|Any CPU.ActiveCfg = Debug|Any CPU
		{DBDF754B-82A4-4704-81E0-4AB30D22707D}.Debug|Any CPU.Build.0 = Debug|Any CPU
		{DBDF754B-82A4-4704-81E0-4AB30D22707D}.Debug|x64.ActiveCfg = Debug|Any CPU
		{DBDF754B-82A4-4704-81E0-4AB30D22707D}.Debug|x64.Build.0 = Debug|Any CPU
		{DBDF754B-82A4-4704-81E0-4AB30D22707D}.Debug|x86.ActiveCfg = Debug|Any CPU
		{DBDF754B-82A4-4704-81E0-4AB30D22707D}.Debug|x86.Build.0 = Debug|Any CPU
		{DBDF754B-82A4-4704-81E0-4AB30D22707D}.Release|Any CPU.ActiveCfg = Release|Any CPU
		{DBDF754B-82A4-4704-81E0-4AB30D22707D}.Release|Any CPU.Build.0 = Release|Any CPU
		{DBDF754B-82A4-4704-81E0-4AB30D22707D}.Release|x64.ActiveCfg = Release|Any CPU
		{DBDF754B-82A4-4704-81E0-4AB30D22707D}.Release|x64.Build.0 = Release|Any CPU
		{DBDF754B-82A4-4704-81E0-4AB30D22707D}.Release|x86.ActiveCfg = Release|Any CPU
		{DBDF754B-82A4-4704-81E0-4AB30D22707D}.Release|x86.Build.0 = Release|Any CPU
	EndGlobalSection
EndGlobal
